Microsoft Visual Studio Solution File, Format Version 12.00
# Visual Studio Version 17
VisualStudioVersion = 17.5.2.0
MinimumVisualStudioVersion = 10.0.40219.1
Project("{9A19103F-16F7-4668-BE54-9A1E7A4F7556}") = "umlsql", "umlsql.csproj", "{357AA372-280C-F920-F70C-44C0E55B31E4}"
EndProject
Global
	GlobalSection(SolutionConfigurationPlatforms) = preSolution
		Debug|Any CPU = Debug|Any CPU
		Release|Any CPU = Release|Any CPU
	EndGlobalSection
	GlobalSection(ProjectConfigurationPlatforms) = postSolution
		{357AA372-280C-F920-F70C-44C0E55B31E4}.Debug|Any CPU.ActiveCfg = Debug|Any CPU
		{357AA372-280C-F920-F70C-44C0E55B31E4}.Debug|Any CPU.Build.0 = Debug|Any CPU
		{357AA372-280C-F920-F70C-44C0E55B31E4}.Release|Any CPU.ActiveCfg = Release|Any CPU
		{357AA372-280C-F920-F70C-44C0E55B31E4}.Release|Any CPU.Build.0 = Release|Any CPU
	EndGlobalSection
	GlobalSection(SolutionProperties) = preSolution
		HideSolutionNode = FALSE
	EndGlobalSection
	GlobalSection(ExtensibilityGlobals) = postSolution
		SolutionGuid = {30855CF0-9A3F-49A3-8730-B1EB7F2A1115}
	EndGlobalSection
EndGlobal
